
Microsoft Visual Studio Solution File, Format Version 12.00
# Visual Studio 15
VisualStudioVersion = 15.0.27004.2002
MinimumVisualStudioVersion = 10.0.40219.1
Project("{FAE04EC0-301F-11D3-BF4B-00C04F79EFBC}") = "AWSFeatureProject", "AWSFeatureProject\AWSFeatureProject.csproj", "{AB68E151-E363-4F7C-A9FB-DCE02B74D7E6}"
EndProject
Global
	GlobalSection(SolutionConfigurationPlatforms) = preSolution
		Debug|Any CPU = Debug|Any CPU
		Release|Any CPU = Release|Any CPU
	EndGlobalSection
	GlobalSection(ProjectConfigurationPlatforms) = postSolution
		{AB68E151-E363-4F7C-A9FB-DCE02B74D7E6}.Debug|Any CPU.ActiveCfg = Debug|Any CPU
		{AB68E151-E363-4F7C-A9FB-DCE02B74D7E6}.Debug|Any CPU.Build.0 = Debug|Any CPU
		{AB68E151-E363-4F7C-A9FB-DCE02B74D7E6}.Release|Any CPU.ActiveCfg = Release|Any CPU
		{AB68E151-E363-4F7C-A9FB-DCE02B74D7E6}.Release|Any CPU.Build.0 = Release|Any CPU
	EndGlobalSection
	GlobalSection(SolutionProperties) = preSolution
		HideSolutionNode = FALSE
	EndGlobalSection
	GlobalSection(ExtensibilityGlobals) = postSolution
		SolutionGuid = {996BA6C0-D8CC-4FCC-9EBB-6EBAC4F2C4E3}
	EndGlobalSection
EndGlobal
